
Microsoft Visual Studio Solution File, Format Version 12.00
Project("{FAE04EC0-301F-11D3-BF4B-00C04F79EFBC}") = "Primetec.Sample.NuGet1.Core", "Primetec.Sample.NuGet1.Core\Primetec.Sample.NuGet1.Core.csproj", "{9B2C0BE7-70F6-4102-9486-23CEB123DA2B}"
EndProject
Project("{2150E333-8FDC-42A3-9474-1A3956D46DE8}") = "Solution Items", "Solution Items", "{DCD93430-A2DB-42FB-8A8A-913AFBBE4EA3}"
	ProjectSection(SolutionItems) = preProject
		GlobalAssemblyInfo.props = GlobalAssemblyInfo.props
		.github\workflows\ci.yml = .github\workflows\ci.yml
		.github\workflows\prerelease.yml = .github\workflows\prerelease.yml
		.github\workflows\release.yml = .github\workflows\release.yml
		Get-Version.ps1 = Get-Version.ps1
	EndProjectSection
EndProject
Global
	GlobalSection(SolutionConfigurationPlatforms) = preSolution
		Debug|Any CPU = Debug|Any CPU
		Release|Any CPU = Release|Any CPU
	EndGlobalSection
	GlobalSection(ProjectConfigurationPlatforms) = postSolution
		{9B2C0BE7-70F6-4102-9486-23CEB123DA2B}.Debug|Any CPU.ActiveCfg = Debug|Any CPU
		{9B2C0BE7-70F6-4102-9486-23CEB123DA2B}.Debug|Any CPU.Build.0 = Debug|Any CPU
		{9B2C0BE7-70F6-4102-9486-23CEB123DA2B}.Release|Any CPU.ActiveCfg = Release|Any CPU
		{9B2C0BE7-70F6-4102-9486-23CEB123DA2B}.Release|Any CPU.Build.0 = Release|Any CPU
	EndGlobalSection
EndGlobal
